
Microsoft Visual Studio Solution File, Format Version 12.00
# Visual Studio Version 17
VisualStudioVersion = 17.13.35825.156 d17.13
MinimumVisualStudioVersion = 10.0.40219.1
Project("{FAE04EC0-301F-11D3-BF4B-00C04F79EFBC}") = "JwtAuthDotNet", "JwtAuthDotNet\JwtAuthDotNet.csproj", "{0BE64329-0F1B-40E7-9862-20A81B7F6689}"
EndProject
Project("{FAE04EC0-301F-11D3-BF4B-00C04F79EFBC}") = "JwtAuthDotNet.DataAccessLayer", "JwtAuthDotNet.DataAccessLayer\JwtAuthDotNet.DataAccessLayer.csproj", "{7F45568C-2C69-4E34-B6A3-34B521439E1A}"
EndProject
Project("{FAE04EC0-301F-11D3-BF4B-00C04F79EFBC}") = "JwtAuthDotNet.BusinessLogicLayer", "JwtAuthDotNet.BusinessLogicLayer\JwtAuthDotNet.BusinessLogicLayer.csproj", "{2AAC9E6F-62BD-456C-B52D-1A251A70CCD3}"
EndProject
Global
	GlobalSection(SolutionConfigurationPlatforms) = preSolution
		Debug|Any CPU = Debug|Any CPU
		Release|Any CPU = Release|Any CPU
	EndGlobalSection
	GlobalSection(ProjectConfigurationPlatforms) = postSolution
		{0BE64329-0F1B-40E7-9862-20A81B7F6689}.Debug|Any CPU.ActiveCfg = Debug|Any CPU
		{0BE64329-0F1B-40E7-9862-20A81B7F6689}.Debug|Any CPU.Build.0 = Debug|Any CPU
		{0BE64329-0F1B-40E7-9862-20A81B7F6689}.Release|Any CPU.ActiveCfg = Release|Any CPU
		{0BE64329-0F1B-40E7-9862-20A81B7F6689}.Release|Any CPU.Build.0 = Release|Any CPU
		{7F45568C-2C69-4E34-B6A3-34B521439E1A}.Debug|Any CPU.ActiveCfg = Debug|Any CPU
		{7F45568C-2C69-4E34-B6A3-34B521439E1A}.Debug|Any CPU.Build.0 = Debug|Any CPU
		{7F45568C-2C69-4E34-B6A3-34B521439E1A}.Release|Any CPU.ActiveCfg = Release|Any CPU
		{7F45568C-2C69-4E34-B6A3-34B521439E1A}.Release|Any CPU.Build.0 = Release|Any CPU
		{2AAC9E6F-62BD-456C-B52D-1A251A70CCD3}.Debug|Any CPU.ActiveCfg = Debug|Any CPU
		{2AAC9E6F-62BD-456C-B52D-1A251A70CCD3}.Debug|Any CPU.Build.0 = Debug|Any CPU
		{2AAC9E6F-62BD-456C-B52D-1A251A70CCD3}.Release|Any CPU.ActiveCfg = Release|Any CPU
		{2AAC9E6F-62BD-456C-B52D-1A251A70CCD3}.Release|Any CPU.Build.0 = Release|Any CPU
	EndGlobalSection
	GlobalSection(SolutionProperties) = preSolution
		HideSolutionNode = FALSE
	EndGlobalSection
	GlobalSection(ExtensibilityGlobals) = postSolution
		SolutionGuid = {0864387F-8D0F-4A68-97A9-D147B3650870}
	EndGlobalSection
EndGlobal
